
Microsoft Visual Studio Solution File, Format Version 12.00
# Visual Studio Version 17
VisualStudioVersion = 17.3.32929.385
MinimumVisualStudioVersion = 10.0.40219.1
Project("{FAE04EC0-301F-11D3-BF4B-00C04F79EFBC}") = "AppointmentsService", "AppointmentsService.csproj", "{E70063F4-74E4-4FB8-B7C6-13D4AA21DBB9}"
EndProject
Global
	GlobalSection(SolutionConfigurationPlatforms) = preSolution
		Debug|Any CPU = Debug|Any CPU
		Release|Any CPU = Release|Any CPU
	EndGlobalSection
	GlobalSection(ProjectConfigurationPlatforms) = postSolution
		{E70063F4-74E4-4FB8-B7C6-13D4AA21DBB9}.Debug|Any CPU.ActiveCfg = Debug|Any CPU
		{E70063F4-74E4-4FB8-B7C6-13D4AA21DBB9}.Debug|Any CPU.Build.0 = Debug|Any CPU
		{E70063F4-74E4-4FB8-B7C6-13D4AA21DBB9}.Release|Any CPU.ActiveCfg = Release|Any CPU
		{E70063F4-74E4-4FB8-B7C6-13D4AA21DBB9}.Release|Any CPU.Build.0 = Release|Any CPU
	EndGlobalSection
	GlobalSection(SolutionProperties) = preSolution
		HideSolutionNode = FALSE
	EndGlobalSection
	GlobalSection(ExtensibilityGlobals) = postSolution
		SolutionGuid = {46683FA0-8E6F-4408-9BEB-F069C75F1243}
	EndGlobalSection
EndGlobal
